
Microsoft Visual Studio Solution File, Format Version 12.00
# Visual Studio 15
VisualStudioVersion = 15.0.27130.2003
MinimumVisualStudioVersion = 10.0.40219.1
Project("{FAE04EC0-301F-11D3-BF4B-00C04F79EFBC}") = "ODTGUI", "ODTGUI\ODTGUI.csproj", "{D18C8506-FA24-4691-9FF9-BBD9F6A11C0C}"
EndProject
Project("{FAE04EC0-301F-11D3-BF4B-00C04F79EFBC}") = "ODTGUI.WPF", "ODTGUI.WPF\ODTGUI.WPF.csproj", "{A2F2D1EC-B56F-4195-B417-B57DAF51F1CD}"
EndProject
Project("{FAE04EC0-301F-11D3-BF4B-00C04F79EFBC}") = "Office Deployment Tool GUI", "Office Deployment Tool GUI\Office Deployment Tool GUI.csproj", "{08FFD366-8AC2-490D-B579-A8FEE0897435}"
EndProject
Global
	GlobalSection(SolutionConfigurationPlatforms) = preSolution
		Debug|Any CPU = Debug|Any CPU
		Release|Any CPU = Release|Any CPU
	EndGlobalSection
	GlobalSection(ProjectConfigurationPlatforms) = postSolution
		{D18C8506-FA24-4691-9FF9-BBD9F6A11C0C}.Debug|Any CPU.ActiveCfg = Debug|Any CPU
		{D18C8506-FA24-4691-9FF9-BBD9F6A11C0C}.Debug|Any CPU.Build.0 = Debug|Any CPU
		{D18C8506-FA24-4691-9FF9-BBD9F6A11C0C}.Release|Any CPU.ActiveCfg = Release|Any CPU
		{D18C8506-FA24-4691-9FF9-BBD9F6A11C0C}.Release|Any CPU.Build.0 = Release|Any CPU
		{A2F2D1EC-B56F-4195-B417-B57DAF51F1CD}.Debug|Any CPU.ActiveCfg = Debug|Any CPU
		{A2F2D1EC-B56F-4195-B417-B57DAF51F1CD}.Debug|Any CPU.Build.0 = Debug|Any CPU
		{A2F2D1EC-B56F-4195-B417-B57DAF51F1CD}.Release|Any CPU.ActiveCfg = Release|Any CPU
		{A2F2D1EC-B56F-4195-B417-B57DAF51F1CD}.Release|Any CPU.Build.0 = Release|Any CPU
		{08FFD366-8AC2-490D-B579-A8FEE0897435}.Debug|Any CPU.ActiveCfg = Debug|Any CPU
		{08FFD366-8AC2-490D-B579-A8FEE0897435}.Debug|Any CPU.Build.0 = Debug|Any CPU
		{08FFD366-8AC2-490D-B579-A8FEE0897435}.Release|Any CPU.ActiveCfg = Release|Any CPU
		{08FFD366-8AC2-490D-B579-A8FEE0897435}.Release|Any CPU.Build.0 = Release|Any CPU
	EndGlobalSection
	GlobalSection(SolutionProperties) = preSolution
		HideSolutionNode = FALSE
	EndGlobalSection
	GlobalSection(ExtensibilityGlobals) = postSolution
		SolutionGuid = {F0443EC6-1CD3-4DB2-8E42-82D99A3193BC}
	EndGlobalSection
EndGlobal
